
Microsoft Visual Studio Solution File, Format Version 12.00
# Visual Studio Version 17
VisualStudioVersion = 17.3.32929.385
MinimumVisualStudioVersion = 10.0.40219.1
Project("{FAE04EC0-301F-11D3-BF4B-00C04F79EFBC}") = "while_loop_sample_1", "while_loop_sample_1\while_loop_sample_1.csproj", "{5BCE32FF-8E08-4B71-BA2A-4B63BFC7C235}"
EndProject
Global
	GlobalSection(SolutionConfigurationPlatforms) = preSolution
		Debug|Any CPU = Debug|Any CPU
		Release|Any CPU = Release|Any CPU
	EndGlobalSection
	GlobalSection(ProjectConfigurationPlatforms) = postSolution
		{5BCE32FF-8E08-4B71-BA2A-4B63BFC7C235}.Debug|Any CPU.ActiveCfg = Debug|Any CPU
		{5BCE32FF-8E08-4B71-BA2A-4B63BFC7C235}.Debug|Any CPU.Build.0 = Debug|Any CPU
		{5BCE32FF-8E08-4B71-BA2A-4B63BFC7C235}.Release|Any CPU.ActiveCfg = Release|Any CPU
		{5BCE32FF-8E08-4B71-BA2A-4B63BFC7C235}.Release|Any CPU.Build.0 = Release|Any CPU
	EndGlobalSection
	GlobalSection(SolutionProperties) = preSolution
		HideSolutionNode = FALSE
	EndGlobalSection
	GlobalSection(ExtensibilityGlobals) = postSolution
		SolutionGuid = {8AC99402-8FFF-4464-9D9E-1B1A775742C5}
	EndGlobalSection
EndGlobal
